# Run ./gradlew --write-locks to regenerate this file
ch.qos.logback:logback-classic:1.2.3 (1 constraints: 0805f935)
ch.qos.logback:logback-core:1.2.3 (1 constraints: 070dff1c)
com.fasterxml.jackson.core:jackson-annotations:2.9.9 (4 constraints: 43460a6c)
com.fasterxml.jackson.core:jackson-core:2.9.9 (3 constraints: 1131dd3e)
com.fasterxml.jackson.core:jackson-databind:2.9.9 (4 constraints: ef3ab008)
com.fasterxml.jackson.datatype:jackson-datatype-jsr310:2.9.9 (1 constraints: 63086080)
com.fasterxml.jackson.module:jackson-module-kotlin:2.9.9 (1 constraints: 63086080)
com.google.code.findbugs:jsr305:3.0.2 (2 constraints: 5c155513)
com.jagrosh:jda-utilities-command:3.0.1 (1 constraints: 0605fb35)
com.jagrosh:jda-utilities-commons:3.0.1 (1 constraints: 750e0b54)
com.neovisionaries:nv-websocket-client:2.5 (1 constraints: 8b069956)
com.squareup.okhttp3:okhttp:4.1.1 (3 constraints: 9d1ab5b0)
com.squareup.okio:okio:2.2.2 (1 constraints: 500c29fd)
com.typesafe:config:1.3.4 (1 constraints: 57084480)
com.uchuhimo:konf:0.14.1 (1 constraints: 3805303b)
net.dv8tion:JDA:4.0.0_46 (1 constraints: cf05cc46)
net.sf.trove4j:trove4j:3.0.3 (1 constraints: e8063464)
org.apache.commons:commons-collections4:4.1 (1 constraints: 89069b56)
org.apiguardian:apiguardian-api:1.1.0 (1 constraints: 51083a80)
org.jetbrains:annotations:16.0.1 (2 constraints: f815fff1)
org.jetbrains.intellij.deps:trove4j:1.0.20181211 (2 constraints: cc27bfd6)
org.jetbrains.kotlin:kotlin-compiler-embeddable:1.3.50 (1 constraints: 3b05393b)
org.jetbrains.kotlin:kotlin-daemon-client:1.3.50 (1 constraints: 401194d7)
org.jetbrains.kotlin:kotlin-daemon-embeddable:1.3.50 (1 constraints: 3d147d7d)
org.jetbrains.kotlin:kotlin-reflect:1.3.50 (5 constraints: 5957184e)
org.jetbrains.kotlin:kotlin-script-runtime:1.3.50 (3 constraints: 8837e3ac)
org.jetbrains.kotlin:kotlin-script-util:1.3.50 (1 constraints: 3b05393b)
org.jetbrains.kotlin:kotlin-scripting-common:1.3.50 (2 constraints: 282cd731)
org.jetbrains.kotlin:kotlin-scripting-compiler-embeddable:1.3.50 (1 constraints: 3b05393b)
org.jetbrains.kotlin:kotlin-scripting-compiler-impl-embeddable:1.3.50 (1 constraints: 3d182176)
org.jetbrains.kotlin:kotlin-scripting-jvm:1.3.50 (2 constraints: 5b2ba1af)
org.jetbrains.kotlin:kotlin-stdlib:1.3.50 (13 constraints: 92dedee8)
org.jetbrains.kotlin:kotlin-stdlib-common:1.3.50 (2 constraints: 1123441c)
org.jetbrains.kotlin:kotlin-stdlib-jdk7:1.3.41 (1 constraints: e010eed2)
org.jetbrains.kotlin:kotlin-stdlib-jdk8:1.3.41 (1 constraints: 8808cc88)
org.jetbrains.kotlinx:kotlinx-coroutines-core:1.2.2 (4 constraints: f446acfb)
org.json:json:20160810 (1 constraints: 170fd480)
org.slf4j:slf4j-api:1.7.25 (3 constraints: 0f2391ec)
org.yaml:snakeyaml:1.24 (1 constraints: 2808f177)
